
Microsoft Visual Studio Solution File, Format Version 12.00
# Visual Studio 14
VisualStudioVersion = 14.0.25420.1
MinimumVisualStudioVersion = 10.0.40219.1
Project("{FAE04EC0-301F-11D3-BF4B-00C04F79EFBC}") = "ZilLion.Core.TaskManager", "ZilLion.Core.TaskManager\ZilLion.Core.TaskManager.csproj", "{46C6359A-B271-42BB-8C8C-BAAFF979E4C4}"
EndProject
Project("{FAE04EC0-301F-11D3-BF4B-00C04F79EFBC}") = "ZilLion.Core.DatabaseWrapper", "ZilLion.Core.DatabaseWrapper\ZilLion.Core.DatabaseWrapper.csproj", "{AE052494-C7AD-425E-98D4-BAD57FE3C042}"
EndProject
Project("{FAE04EC0-301F-11D3-BF4B-00C04F79EFBC}") = "TaskTest", "TaskTest\TaskTest.csproj", "{A3EF4FFF-CDA5-4733-9114-6E3E6F384149}"
EndProject
Project("{FAE04EC0-301F-11D3-BF4B-00C04F79EFBC}") = "TaskPlugin", "TaskPlugin\TaskPlugin.csproj", "{61AA98E0-1997-4836-8789-36DD3FA4B9CC}"
EndProject
Project("{FAE04EC0-301F-11D3-BF4B-00C04F79EFBC}") = "ZilLion.Core.Unities", "ZilLion.Core.Unities\ZilLion.Core.Unities.csproj", "{BEEFFD98-18A9-4F2D-BA97-9D42B9401781}"
EndProject
Project("{FAE04EC0-301F-11D3-BF4B-00C04F79EFBC}") = "ZilLion.Core.Log", "ZilLion.Core.Log\ZilLion.Core.Log.csproj", "{671DBC63-3EEC-4FC7-8CCA-3164139B3A24}"
EndProject
Project("{FAE04EC0-301F-11D3-BF4B-00C04F79EFBC}") = "AppDomainToolkit", "SharedResources\AppDomainToolkit\AppDomainToolkit.csproj", "{2A53F4FB-0918-485C-9266-BD8FF3FA0D84}"
EndProject
Project("{FAE04EC0-301F-11D3-BF4B-00C04F79EFBC}") = "Quartz.2010", "SharedResources\quartznet-2.4.1\src\Quartz\Quartz.2010.csproj", "{AEF8823B-E45B-4B35-A4D0-C08C1196D017}"
EndProject
Project("{FAE04EC0-301F-11D3-BF4B-00C04F79EFBC}") = "Dapper", "SharedResources\Dapper\Dapper.csproj", "{CDC35CC1-5CAA-42EB-A8E7-B14F36AF1818}"
EndProject
Project("{FAE04EC0-301F-11D3-BF4B-00C04F79EFBC}") = "DapperExtensions.Net45", "SharedResources\DapperExtensions.Net45\DapperExtensions.Net45.csproj", "{1656EC3C-7876-4C67-9650-C61ACB806D35}"
EndProject
Project("{2150E333-8FDC-42A3-9474-1A3956D46DE8}") = "SharedResources", "SharedResources", "{E3B33235-F313-4701-B0E5-97159968CB2A}"
EndProject
Project("{2150E333-8FDC-42A3-9474-1A3956D46DE8}") = "Plugin", "Plugin", "{C23426DA-859A-46BB-B1AB-21ABB7835FF3}"
EndProject
Project("{2150E333-8FDC-42A3-9474-1A3956D46DE8}") = "Test", "Test", "{D5C230AC-3D27-4D55-B62F-20D6A93A79D7}"
EndProject
Project("{FAE04EC0-301F-11D3-BF4B-00C04F79EFBC}") = "ZilLion.Core.QuartzWrapper", "ZilLion.Core.QuartzWrapper\ZilLion.Core.QuartzWrapper.csproj", "{BEFE36CC-A38D-470D-8D4E-1D9AF1A3EE03}"
EndProject
Global
	GlobalSection(SolutionConfigurationPlatforms) = preSolution
		Debug|Any CPU = Debug|Any CPU
		Debug|x86 = Debug|x86
		Release|Any CPU = Release|Any CPU
		Release|x86 = Release|x86
	EndGlobalSection
	GlobalSection(ProjectConfigurationPlatforms) = postSolution
		{46C6359A-B271-42BB-8C8C-BAAFF979E4C4}.Debug|Any CPU.ActiveCfg = Debug|Any CPU
		{46C6359A-B271-42BB-8C8C-BAAFF979E4C4}.Debug|Any CPU.Build.0 = Debug|Any CPU
		{46C6359A-B271-42BB-8C8C-BAAFF979E4C4}.Debug|x86.ActiveCfg = Debug|Any CPU
		{46C6359A-B271-42BB-8C8C-BAAFF979E4C4}.Debug|x86.Build.0 = Debug|Any CPU
		{46C6359A-B271-42BB-8C8C-BAAFF979E4C4}.Release|Any CPU.ActiveCfg = Release|Any CPU
		{46C6359A-B271-42BB-8C8C-BAAFF979E4C4}.Release|Any CPU.Build.0 = Release|Any CPU
		{46C6359A-B271-42BB-8C8C-BAAFF979E4C4}.Release|x86.ActiveCfg = Release|Any CPU
		{46C6359A-B271-42BB-8C8C-BAAFF979E4C4}.Release|x86.Build.0 = Release|Any CPU
		{AE052494-C7AD-425E-98D4-BAD57FE3C042}.Debug|Any CPU.ActiveCfg = Debug|Any CPU
		{AE052494-C7AD-425E-98D4-BAD57FE3C042}.Debug|Any CPU.Build.0 = Debug|Any CPU
		{AE052494-C7AD-425E-98D4-BAD57FE3C042}.Debug|x86.ActiveCfg = Debug|x86
		{AE052494-C7AD-425E-98D4-BAD57FE3C042}.Debug|x86.Build.0 = Debug|x86
		{AE052494-C7AD-425E-98D4-BAD57FE3C042}.Release|Any CPU.ActiveCfg = Release|Any CPU
		{AE052494-C7AD-425E-98D4-BAD57FE3C042}.Release|Any CPU.Build.0 = Release|Any CPU
		{AE052494-C7AD-425E-98D4-BAD57FE3C042}.Release|x86.ActiveCfg = Release|x86
		{AE052494-C7AD-425E-98D4-BAD57FE3C042}.Release|x86.Build.0 = Release|x86
		{A3EF4FFF-CDA5-4733-9114-6E3E6F384149}.Debug|Any CPU.ActiveCfg = Debug|Any CPU
		{A3EF4FFF-CDA5-4733-9114-6E3E6F384149}.Debug|Any CPU.Build.0 = Debug|Any CPU
		{A3EF4FFF-CDA5-4733-9114-6E3E6F384149}.Debug|x86.ActiveCfg = Debug|Any CPU
		{A3EF4FFF-CDA5-4733-9114-6E3E6F384149}.Debug|x86.Build.0 = Debug|Any CPU
		{A3EF4FFF-CDA5-4733-9114-6E3E6F384149}.Release|Any CPU.ActiveCfg = Release|Any CPU
		{A3EF4FFF-CDA5-4733-9114-6E3E6F384149}.Release|Any CPU.Build.0 = Release|Any CPU
		{A3EF4FFF-CDA5-4733-9114-6E3E6F384149}.Release|x86.ActiveCfg = Release|Any CPU
		{A3EF4FFF-CDA5-4733-9114-6E3E6F384149}.Release|x86.Build.0 = Release|Any CPU
		{61AA98E0-1997-4836-8789-36DD3FA4B9CC}.Debug|Any CPU.ActiveCfg = Debug|Any CPU
		{61AA98E0-1997-4836-8789-36DD3FA4B9CC}.Debug|Any CPU.Build.0 = Debug|Any CPU
		{61AA98E0-1997-4836-8789-36DD3FA4B9CC}.Debug|x86.ActiveCfg = Debug|Any CPU
		{61AA98E0-1997-4836-8789-36DD3FA4B9CC}.Debug|x86.Build.0 = Debug|Any CPU
		{61AA98E0-1997-4836-8789-36DD3FA4B9CC}.Release|Any CPU.ActiveCfg = Release|Any CPU
		{61AA98E0-1997-4836-8789-36DD3FA4B9CC}.Release|Any CPU.Build.0 = Release|Any CPU
		{61AA98E0-1997-4836-8789-36DD3FA4B9CC}.Release|x86.ActiveCfg = Release|Any CPU
		{61AA98E0-1997-4836-8789-36DD3FA4B9CC}.Release|x86.Build.0 = Release|Any CPU
		{BEEFFD98-18A9-4F2D-BA97-9D42B9401781}.Debug|Any CPU.ActiveCfg = Debug|Any CPU
		{BEEFFD98-18A9-4F2D-BA97-9D42B9401781}.Debug|Any CPU.Build.0 = Debug|Any CPU
		{BEEFFD98-18A9-4F2D-BA97-9D42B9401781}.Debug|x86.ActiveCfg = Debug|Any CPU
		{BEEFFD98-18A9-4F2D-BA97-9D42B9401781}.Debug|x86.Build.0 = Debug|Any CPU
		{BEEFFD98-18A9-4F2D-BA97-9D42B9401781}.Release|Any CPU.ActiveCfg = Release|Any CPU
		{BEEFFD98-18A9-4F2D-BA97-9D42B9401781}.Release|Any CPU.Build.0 = Release|Any CPU
		{BEEFFD98-18A9-4F2D-BA97-9D42B9401781}.Release|x86.ActiveCfg = Release|Any CPU
		{BEEFFD98-18A9-4F2D-BA97-9D42B9401781}.Release|x86.Build.0 = Release|Any CPU
		{671DBC63-3EEC-4FC7-8CCA-3164139B3A24}.Debug|Any CPU.ActiveCfg = Debug|Any CPU
		{671DBC63-3EEC-4FC7-8CCA-3164139B3A24}.Debug|Any CPU.Build.0 = Debug|Any CPU
		{671DBC63-3EEC-4FC7-8CCA-3164139B3A24}.Debug|x86.ActiveCfg = Debug|x86
		{671DBC63-3EEC-4FC7-8CCA-3164139B3A24}.Debug|x86.Build.0 = Debug|x86
		{671DBC63-3EEC-4FC7-8CCA-3164139B3A24}.Release|Any CPU.ActiveCfg = Release|Any CPU
		{671DBC63-3EEC-4FC7-8CCA-3164139B3A24}.Release|Any CPU.Build.0 = Release|Any CPU
		{671DBC63-3EEC-4FC7-8CCA-3164139B3A24}.Release|x86.ActiveCfg = Release|x86
		{671DBC63-3EEC-4FC7-8CCA-3164139B3A24}.Release|x86.Build.0 = Release|x86
		{2A53F4FB-0918-485C-9266-BD8FF3FA0D84}.Debug|Any CPU.ActiveCfg = Debug|Any CPU
		{2A53F4FB-0918-485C-9266-BD8FF3FA0D84}.Debug|Any CPU.Build.0 = Debug|Any CPU
		{2A53F4FB-0918-485C-9266-BD8FF3FA0D84}.Debug|x86.ActiveCfg = Debug|Any CPU
		{2A53F4FB-0918-485C-9266-BD8FF3FA0D84}.Debug|x86.Build.0 = Debug|Any CPU
		{2A53F4FB-0918-485C-9266-BD8FF3FA0D84}.Release|Any CPU.ActiveCfg = Release|Any CPU
		{2A53F4FB-0918-485C-9266-BD8FF3FA0D84}.Release|Any CPU.Build.0 = Release|Any CPU
		{2A53F4FB-0918-485C-9266-BD8FF3FA0D84}.Release|x86.ActiveCfg = Release|Any CPU
		{2A53F4FB-0918-485C-9266-BD8FF3FA0D84}.Release|x86.Build.0 = Release|Any CPU
		{AEF8823B-E45B-4B35-A4D0-C08C1196D017}.Debug|Any CPU.ActiveCfg = Debug|Any CPU
		{AEF8823B-E45B-4B35-A4D0-C08C1196D017}.Debug|Any CPU.Build.0 = Debug|Any CPU
		{AEF8823B-E45B-4B35-A4D0-C08C1196D017}.Debug|x86.ActiveCfg = Debug|Any CPU
		{AEF8823B-E45B-4B35-A4D0-C08C1196D017}.Debug|x86.Build.0 = Debug|Any CPU
		{AEF8823B-E45B-4B35-A4D0-C08C1196D017}.Release|Any CPU.ActiveCfg = Release|Any CPU
		{AEF8823B-E45B-4B35-A4D0-C08C1196D017}.Release|Any CPU.Build.0 = Release|Any CPU
		{AEF8823B-E45B-4B35-A4D0-C08C1196D017}.Release|x86.ActiveCfg = Release|Any CPU
		{AEF8823B-E45B-4B35-A4D0-C08C1196D017}.Release|x86.Build.0 = Release|Any CPU
		{CDC35CC1-5CAA-42EB-A8E7-B14F36AF1818}.Debug|Any CPU.ActiveCfg = Debug|Any CPU
		{CDC35CC1-5CAA-42EB-A8E7-B14F36AF1818}.Debug|Any CPU.Build.0 = Debug|Any CPU
		{CDC35CC1-5CAA-42EB-A8E7-B14F36AF1818}.Debug|x86.ActiveCfg = Debug|Any CPU
		{CDC35CC1-5CAA-42EB-A8E7-B14F36AF1818}.Debug|x86.Build.0 = Debug|Any CPU
		{CDC35CC1-5CAA-42EB-A8E7-B14F36AF1818}.Release|Any CPU.ActiveCfg = Release|Any CPU
		{CDC35CC1-5CAA-42EB-A8E7-B14F36AF1818}.Release|Any CPU.Build.0 = Release|Any CPU
		{CDC35CC1-5CAA-42EB-A8E7-B14F36AF1818}.Release|x86.ActiveCfg = Release|Any CPU
		{CDC35CC1-5CAA-42EB-A8E7-B14F36AF1818}.Release|x86.Build.0 = Release|Any CPU
		{1656EC3C-7876-4C67-9650-C61ACB806D35}.Debug|Any CPU.ActiveCfg = Debug|Any CPU
		{1656EC3C-7876-4C67-9650-C61ACB806D35}.Debug|Any CPU.Build.0 = Debug|Any CPU
		{1656EC3C-7876-4C67-9650-C61ACB806D35}.Debug|x86.ActiveCfg = Debug|x86
		{1656EC3C-7876-4C67-9650-C61ACB806D35}.Debug|x86.Build.0 = Debug|x86
		{1656EC3C-7876-4C67-9650-C61ACB806D35}.Release|Any CPU.ActiveCfg = Release|Any CPU
		{1656EC3C-7876-4C67-9650-C61ACB806D35}.Release|Any CPU.Build.0 = Release|Any CPU
		{1656EC3C-7876-4C67-9650-C61ACB806D35}.Release|x86.ActiveCfg = Release|x86
		{1656EC3C-7876-4C67-9650-C61ACB806D35}.Release|x86.Build.0 = Release|x86
		{BEFE36CC-A38D-470D-8D4E-1D9AF1A3EE03}.Debug|Any CPU.ActiveCfg = Debug|Any CPU
		{BEFE36CC-A38D-470D-8D4E-1D9AF1A3EE03}.Debug|Any CPU.Build.0 = Debug|Any CPU
		{BEFE36CC-A38D-470D-8D4E-1D9AF1A3EE03}.Debug|x86.ActiveCfg = Debug|Any CPU
		{BEFE36CC-A38D-470D-8D4E-1D9AF1A3EE03}.Debug|x86.Build.0 = Debug|Any CPU
		{BEFE36CC-A38D-470D-8D4E-1D9AF1A3EE03}.Release|Any CPU.ActiveCfg = Release|Any CPU
		{BEFE36CC-A38D-470D-8D4E-1D9AF1A3EE03}.Release|Any CPU.Build.0 = Release|Any CPU
		{BEFE36CC-A38D-470D-8D4E-1D9AF1A3EE03}.Release|x86.ActiveCfg = Release|Any CPU
		{BEFE36CC-A38D-470D-8D4E-1D9AF1A3EE03}.Release|x86.Build.0 = Release|Any CPU
	EndGlobalSection
	GlobalSection(SolutionProperties) = preSolution
		HideSolutionNode = FALSE
	EndGlobalSection
	GlobalSection(NestedProjects) = preSolution
		{A3EF4FFF-CDA5-4733-9114-6E3E6F384149} = {D5C230AC-3D27-4D55-B62F-20D6A93A79D7}
		{61AA98E0-1997-4836-8789-36DD3FA4B9CC} = {C23426DA-859A-46BB-B1AB-21ABB7835FF3}
		{2A53F4FB-0918-485C-9266-BD8FF3FA0D84} = {E3B33235-F313-4701-B0E5-97159968CB2A}
		{AEF8823B-E45B-4B35-A4D0-C08C1196D017} = {E3B33235-F313-4701-B0E5-97159968CB2A}
		{CDC35CC1-5CAA-42EB-A8E7-B14F36AF1818} = {E3B33235-F313-4701-B0E5-97159968CB2A}
		{1656EC3C-7876-4C67-9650-C61ACB806D35} = {E3B33235-F313-4701-B0E5-97159968CB2A}
	EndGlobalSection
EndGlobal
